
Microsoft Visual Studio Solution File, Format Version 12.00
# Visual Studio Version 17
VisualStudioVersion = 17.1.32421.90
MinimumVisualStudioVersion = 10.0.40219.1
Project("{FAE04EC0-301F-11D3-BF4B-00C04F79EFBC}") = "Swatch_Bharath", "Swatch_Bharath.csproj", "{A552D3F4-E7DA-49B5-BA32-5EA8E889034E}"
EndProject
Global
	GlobalSection(SolutionConfigurationPlatforms) = preSolution
		Debug|Any CPU = Debug|Any CPU
		Release|Any CPU = Release|Any CPU
	EndGlobalSection
	GlobalSection(ProjectConfigurationPlatforms) = postSolution
		{A552D3F4-E7DA-49B5-BA32-5EA8E889034E}.Debug|Any CPU.ActiveCfg = Debug|Any CPU
		{A552D3F4-E7DA-49B5-BA32-5EA8E889034E}.Debug|Any CPU.Build.0 = Debug|Any CPU
		{A552D3F4-E7DA-49B5-BA32-5EA8E889034E}.Release|Any CPU.ActiveCfg = Release|Any CPU
		{A552D3F4-E7DA-49B5-BA32-5EA8E889034E}.Release|Any CPU.Build.0 = Release|Any CPU
	EndGlobalSection
	GlobalSection(SolutionProperties) = preSolution
		HideSolutionNode = FALSE
	EndGlobalSection
	GlobalSection(ExtensibilityGlobals) = postSolution
		SolutionGuid = {A0B92A69-5463-4B5B-9C39-1DA82BE18154}
	EndGlobalSection
EndGlobal
